<?xml version="1.0" encoding="utf-8"?>
<Project ToolsVersion="4.0" xmlns="http://schemas.microsoft.com/developer/msbuild/2003">
  <ItemGroup>
    <Filter Include="源文件">
      <UniqueIdentifier>{4FC737F1-C7A5-4376-A066-2A32D752A2FF}</UniqueIdentifier>
      <Extensions>cpp;c;cc;cxx;def;odl;idl;hpj;bat;asm;asmx</Extensions>
    </Filter>
    <Filter Include="头文件">
      <UniqueIdentifier>{93995380-89BD-4b04-88EB-625FBE52EBFB}</UniqueIdentifier>
      <Extensions>h;hh;hpp;hxx;hm;inl;inc;xsd</Extensions>
    </Filter>
    <Filter Include="资源文件">
      <UniqueIdentifier>{67DA6AB6-F800-4c08-8B7A-83BB121AAD01}</UniqueIdentifier>
      <Extensions>rc;ico;cur;bmp;dlg;rc2;rct;bin;rgs;gif;jpg;jpeg;jpe;resx;tiff;tif;png;wav;mfcribbon-ms</Extensions>
    </Filter>
    <Filter Include="freesdp">
      <UniqueIdentifier>{663f4a94-9639-40ec-80b3-4cde730f86f1}</UniqueIdentifier>
    </Filter>
  </ItemGroup>
  <ItemGroup>
    <ClCompile Include="live_source_onvif.cpp">
      <Filter>源文件</Filter>
    </ClCompile>
    <ClCompile Include="OnvifFactory.cpp">
      <Filter>源文件</Filter>
    </ClCompile>
    <ClCompile Include="OnvifPattern.cpp">
      <Filter>源文件</Filter>
    </ClCompile>
    <ClCompile Include="OnvifSource.cpp">
      <Filter>源文件</Filter>
    </ClCompile>
    <ClCompile Include="RtspClient.cpp">
      <Filter>源文件</Filter>
    </ClCompile>
    <ClCompile Include="RtpH264Demuxer.cpp">
      <Filter>源文件</Filter>
    </ClCompile>
    <ClCompile Include="RtpAacDemuxer.cpp">
      <Filter>源文件</Filter>
    </ClCompile>
    <ClCompile Include="RtpBaseDemuxer.cpp">
      <Filter>源文件</Filter>
    </ClCompile>
    <ClCompile Include="OnvifControl.cpp">
      <Filter>源文件</Filter>
    </ClCompile>
    <ClCompile Include="freesdp\parser.c">
      <Filter>freesdp</Filter>
    </ClCompile>
    <ClCompile Include="freesdp\formatter.c">
      <Filter>freesdp</Filter>
    </ClCompile>
    <ClCompile Include="freesdp\common.c">
      <Filter>freesdp</Filter>
    </ClCompile>
    <ClCompile Include="freesdp\errorlist.c">
      <Filter>freesdp</Filter>
    </ClCompile>
  </ItemGroup>
  <ItemGroup>
    <None Include="live_source_onvif.def">
      <Filter>源文件</Filter>
    </None>
    <None Include="Makefile" />
  </ItemGroup>
  <ItemGroup>
    <ClInclude Include="OnvifFactory.h">
      <Filter>头文件</Filter>
    </ClInclude>
    <ClInclude Include="OnvifPattern.h">
      <Filter>头文件</Filter>
    </ClInclude>
    <ClInclude Include="OnvifSource.h">
      <Filter>头文件</Filter>
    </ClInclude>
    <ClInclude Include="RtspClient.h">
      <Filter>头文件</Filter>
    </ClInclude>
    <ClInclude Include="freesdp\formatterpriv.h">
      <Filter>freesdp</Filter>
    </ClInclude>
    <ClInclude Include="freesdp\parserpriv.h">
      <Filter>freesdp</Filter>
    </ClInclude>
    <ClInclude Include="freesdp\priv.h">
      <Filter>freesdp</Filter>
    </ClInclude>
    <ClInclude Include="freesdp\freesdp\common.h">
      <Filter>freesdp</Filter>
    </ClInclude>
    <ClInclude Include="freesdp\freesdp\config.h">
      <Filter>freesdp</Filter>
    </ClInclude>
    <ClInclude Include="freesdp\freesdp\formatter.h">
      <Filter>freesdp</Filter>
    </ClInclude>
    <ClInclude Include="freesdp\freesdp\freesdp.h">
      <Filter>freesdp</Filter>
    </ClInclude>
    <ClInclude Include="freesdp\freesdp\parser.h">
      <Filter>freesdp</Filter>
    </ClInclude>
    <ClInclude Include="RtpH264Demuxer.h">
      <Filter>头文件</Filter>
    </ClInclude>
    <ClInclude Include="RtpAacDemuxer.h">
      <Filter>头文件</Filter>
    </ClInclude>
    <ClInclude Include="RtpBaseDemuxer.h">
      <Filter>头文件</Filter>
    </ClInclude>
    <ClInclude Include="OnvifControl.h">
      <Filter>头文件</Filter>
    </ClInclude>
  </ItemGroup>
</Project>